
Microsoft Visual Studio Solution File, Format Version 12.00
# Visual Studio Version 17
VisualStudioVersion = 17.6.33815.320
MinimumVisualStudioVersion = 10.0.40219.1
Project("{2150E333-8FDC-42A3-9474-1A3956D46DE8}") = "N1", "N1", "{359D0405-751F-42F9-8C88-BDAC3A82EAD7}"
EndProject
Project("{9A19103F-16F7-4668-BE54-9A1E7A4F7556}") = "N1", "N1\N1.csproj", "{0248C4AA-D99E-46D5-AA9A-59E9979EED2B}"
EndProject
Project("{2150E333-8FDC-42A3-9474-1A3956D46DE8}") = "N2", "N2", "{97DE52C2-C0F5-4AE2-B440-57184602FD3F}"
EndProject
Project("{9A19103F-16F7-4668-BE54-9A1E7A4F7556}") = "N4", "N4\N4.csproj", "{C602F320-C7E3-4B90-A6DF-29518E36F41E}"
EndProject
Project("{2150E333-8FDC-42A3-9474-1A3956D46DE8}") = "N4", "N4", "{1797361D-5BE1-4F9E-80E2-67D8E4F5D435}"
EndProject
Project("{9A19103F-16F7-4668-BE54-9A1E7A4F7556}") = "N4", "N4\N4\N4.csproj", "{B6F2CED4-E620-47F4-90C7-F0649AC501B4}"
EndProject
Project("{2150E333-8FDC-42A3-9474-1A3956D46DE8}") = "N6", "N6", "{EE71AB8E-B334-4C49-A5EE-4BDB7B0C2BCA}"
EndProject
Project("{FAE04EC0-301F-11D3-BF4B-00C04F79EFBC}") = "N6", "N6\N6.csproj", "{95878F35-28DD-4DD7-B9CD-596EEA3E6FB2}"
EndProject
Project("{2150E333-8FDC-42A3-9474-1A3956D46DE8}") = "hometaskN6", "hometaskN6", "{AD6D162D-25C1-43EA-A056-C3CF33C11CE5}"
EndProject
Project("{FAE04EC0-301F-11D3-BF4B-00C04F79EFBC}") = "hometaskN6", "hometaskN6\hometaskN6.csproj", "{062E9650-8662-4275-B293-049FF44FA82D}"
EndProject
Project("{2150E333-8FDC-42A3-9474-1A3956D46DE8}") = "hometaskN1", "hometaskN1", "{75EA8E61-96E2-4652-AE27-51CE890643D3}"
EndProject
Project("{FAE04EC0-301F-11D3-BF4B-00C04F79EFBC}") = "hometaskN1", "hometaskN1\hometaskN1.csproj", "{3ADC4B1D-E124-4C90-B4E7-D52320B92E32}"
EndProject
Global
	GlobalSection(SolutionConfigurationPlatforms) = preSolution
		Debug|Any CPU = Debug|Any CPU
		Release|Any CPU = Release|Any CPU
	EndGlobalSection
	GlobalSection(ProjectConfigurationPlatforms) = postSolution
		{0248C4AA-D99E-46D5-AA9A-59E9979EED2B}.Debug|Any CPU.ActiveCfg = Debug|Any CPU
		{0248C4AA-D99E-46D5-AA9A-59E9979EED2B}.Debug|Any CPU.Build.0 = Debug|Any CPU
		{0248C4AA-D99E-46D5-AA9A-59E9979EED2B}.Release|Any CPU.ActiveCfg = Release|Any CPU
		{0248C4AA-D99E-46D5-AA9A-59E9979EED2B}.Release|Any CPU.Build.0 = Release|Any CPU
		{C602F320-C7E3-4B90-A6DF-29518E36F41E}.Debug|Any CPU.ActiveCfg = Debug|Any CPU
		{C602F320-C7E3-4B90-A6DF-29518E36F41E}.Debug|Any CPU.Build.0 = Debug|Any CPU
		{C602F320-C7E3-4B90-A6DF-29518E36F41E}.Release|Any CPU.ActiveCfg = Release|Any CPU
		{C602F320-C7E3-4B90-A6DF-29518E36F41E}.Release|Any CPU.Build.0 = Release|Any CPU
		{B6F2CED4-E620-47F4-90C7-F0649AC501B4}.Debug|Any CPU.ActiveCfg = Debug|Any CPU
		{B6F2CED4-E620-47F4-90C7-F0649AC501B4}.Debug|Any CPU.Build.0 = Debug|Any CPU
		{B6F2CED4-E620-47F4-90C7-F0649AC501B4}.Release|Any CPU.ActiveCfg = Release|Any CPU
		{B6F2CED4-E620-47F4-90C7-F0649AC501B4}.Release|Any CPU.Build.0 = Release|Any CPU
		{95878F35-28DD-4DD7-B9CD-596EEA3E6FB2}.Debug|Any CPU.ActiveCfg = Debug|Any CPU
		{95878F35-28DD-4DD7-B9CD-596EEA3E6FB2}.Debug|Any CPU.Build.0 = Debug|Any CPU
		{95878F35-28DD-4DD7-B9CD-596EEA3E6FB2}.Release|Any CPU.ActiveCfg = Release|Any CPU
		{95878F35-28DD-4DD7-B9CD-596EEA3E6FB2}.Release|Any CPU.Build.0 = Release|Any CPU
		{062E9650-8662-4275-B293-049FF44FA82D}.Debug|Any CPU.ActiveCfg = Debug|Any CPU
		{062E9650-8662-4275-B293-049FF44FA82D}.Debug|Any CPU.Build.0 = Debug|Any CPU
		{062E9650-8662-4275-B293-049FF44FA82D}.Release|Any CPU.ActiveCfg = Release|Any CPU
		{062E9650-8662-4275-B293-049FF44FA82D}.Release|Any CPU.Build.0 = Release|Any CPU
		{3ADC4B1D-E124-4C90-B4E7-D52320B92E32}.Debug|Any CPU.ActiveCfg = Debug|Any CPU
		{3ADC4B1D-E124-4C90-B4E7-D52320B92E32}.Debug|Any CPU.Build.0 = Debug|Any CPU
		{3ADC4B1D-E124-4C90-B4E7-D52320B92E32}.Release|Any CPU.ActiveCfg = Release|Any CPU
		{3ADC4B1D-E124-4C90-B4E7-D52320B92E32}.Release|Any CPU.Build.0 = Release|Any CPU
	EndGlobalSection
	GlobalSection(SolutionProperties) = preSolution
		HideSolutionNode = FALSE
	EndGlobalSection
	GlobalSection(NestedProjects) = preSolution
		{0248C4AA-D99E-46D5-AA9A-59E9979EED2B} = {359D0405-751F-42F9-8C88-BDAC3A82EAD7}
		{C602F320-C7E3-4B90-A6DF-29518E36F41E} = {97DE52C2-C0F5-4AE2-B440-57184602FD3F}
		{B6F2CED4-E620-47F4-90C7-F0649AC501B4} = {1797361D-5BE1-4F9E-80E2-67D8E4F5D435}
		{95878F35-28DD-4DD7-B9CD-596EEA3E6FB2} = {EE71AB8E-B334-4C49-A5EE-4BDB7B0C2BCA}
		{AD6D162D-25C1-43EA-A056-C3CF33C11CE5} = {EE71AB8E-B334-4C49-A5EE-4BDB7B0C2BCA}
		{062E9650-8662-4275-B293-049FF44FA82D} = {AD6D162D-25C1-43EA-A056-C3CF33C11CE5}
		{75EA8E61-96E2-4652-AE27-51CE890643D3} = {359D0405-751F-42F9-8C88-BDAC3A82EAD7}
		{3ADC4B1D-E124-4C90-B4E7-D52320B92E32} = {75EA8E61-96E2-4652-AE27-51CE890643D3}
	EndGlobalSection
	GlobalSection(ExtensibilityGlobals) = postSolution
		SolutionGuid = {7F51798A-AF1E-45C3-B056-CA6392E0ADE5}
	EndGlobalSection
EndGlobal
